{
  "nodes": {
    "flake-compat": {
      "flake": false,
      "locked": {
        "lastModified": 1648199409,
        "narHash": "sha256-JwPKdC2PoVBkG6E+eWw3j6BMR6sL3COpYWfif7RVb8Y=",
        "owner": "edolstra",
        "repo": "flake-compat",
        "rev": "64a525ee38886ab9028e6f61790de0832aa3ef03",
        "type": "github"
      },
      "original": {
        "owner": "edolstra",
        "repo": "flake-compat",
        "type": "github"
      }
    },
    "flake-utils": {
      "locked": {
        "lastModified": 1649676176,
        "narHash": "sha256-OWKJratjt2RW151VUlJPRALb7OU2S5s+f0vLj4o1bHM=",
        "owner": "numtide",
        "repo": "flake-utils",
        "rev": "a4b154ebbdc88c8498a5c7b01589addc9e9cb678",
        "type": "github"
      },
      "original": {
        "owner": "numtide",
        "repo": "flake-utils",
        "type": "github"
      }
    },
    "home-manager": {
      "inputs": {
        "nixpkgs": "nixpkgs"
      },
      "locked": {
        "lastModified": 1650920743,
        "narHash": "sha256-7xxdtLp295HswhyEjr991QJsBFeadUo43NiAsHnQ5+8=",
        "owner": "nix-community",
        "repo": "home-manager",
        "rev": "223a73c2ba7d358b23666937cb13a59b31df511c",
        "type": "github"
      },
      "original": {
        "owner": "nix-community",
        "repo": "home-manager",
        "type": "github"
      }
    },
    "nixpkgs": {
      "locked": {
        "lastModified": 1650911318,
        "narHash": "sha256-UvCP5fvt6nsf26Fqr3PSpbpvyC9D1a376BFTg/Z4YH0=",
        "owner": "NixOS",
        "repo": "nixpkgs",
        "rev": "1d395b2c9a82a8bca6f7f67640641c73e833f3d4",
        "type": "github"
      },
      "original": {
        "id": "nixpkgs",
        "type": "indirect"
      }
    },
    "nixpkgs-unstable": {
      "locked": {
        "lastModified": 1650831523,
        "narHash": "sha256-6pDZ08SAXsUx5rOP391x+TG39ENP/XA8VMa1tQvgEjc=",
        "owner": "NixOS",
        "repo": "nixpkgs",
        "rev": "87d34a6b8982e901b8e50096b8e79ebc0e66cda0",
        "type": "github"
      },
      "original": {
        "owner": "NixOS",
        "ref": "nixos-unstable",
        "repo": "nixpkgs",
        "type": "github"
      }
    },
    "nixpkgs_2": {
      "locked": {
        "lastModified": 1650830814,
        "narHash": "sha256-P7vGsHdS19eHVUJt4BeQA4JfauL2nOpEcnYKIbX76YM=",
        "owner": "NixOS",
        "repo": "nixpkgs",
        "rev": "c254b8c915ac912ae9ee9dc74eac555ccbf33795",
        "type": "github"
      },
      "original": {
        "owner": "NixOS",
        "ref": "nixos-21.11",
        "repo": "nixpkgs",
        "type": "github"
      }
    },
    "nur": {
      "locked": {
        "lastModified": 1650930937,
        "narHash": "sha256-o4V1nl0I2YJ32NcN7xxgKRJ8NsuthOdY1esUGRLgFr0=",
        "owner": "nix-community",
        "repo": "NUR",
        "rev": "7c41e8b1a2b628ce0ac661a77c3ccc1ec605e2de",
        "type": "github"
      },
      "original": {
        "owner": "nix-community",
        "repo": "NUR",
        "type": "github"
      }
    },
    "root": {
      "inputs": {
        "flake-utils": "flake-utils",
        "home-manager": "home-manager",
        "nixpkgs": "nixpkgs_2",
        "nixpkgs-unstable": "nixpkgs-unstable",
        "nur": "nur",
        "wsl": "wsl"
      }
    },
    "wsl": {
      "inputs": {
        "flake-compat": "flake-compat",
        "flake-utils": [
          "flake-utils"
        ],
        "nixpkgs": [
          "nixpkgs"
        ]
      },
      "locked": {
        "lastModified": 1650629047,
        "narHash": "sha256-IwiKbzXTzodPKMHm5qTizGoMVjipevbliraFmnrdsqU=",
        "owner": "nix-community",
        "repo": "NixOS-WSL",
        "rev": "69783cf56b2ada7e0e8cc8d17907a346e8bd97b7",
        "type": "github"
      },
      "original": {
        "owner": "nix-community",
        "repo": "NixOS-WSL",
        "type": "github"
      }
    }
  },
  "root": "root",
  "version": 7
}
